
Microsoft Visual Studio Solution File, Format Version 12.00
# Visual Studio Version 16
VisualStudioVersion = 16.0.30711.63
MinimumVisualStudioVersion = 10.0.40219.1
Project("{2150E333-8FDC-42A3-9474-1A3956D46DE8}") = "src", "src", "{211FBB1F-0076-40BA-AEBA-A809CFA5A052}"
EndProject
Project("{2150E333-8FDC-42A3-9474-1A3956D46DE8}") = "1-Application", "1-Application", "{05724B54-CF7B-45E4-A149-30C3AB792A73}"
EndProject
Project("{2150E333-8FDC-42A3-9474-1A3956D46DE8}") = "2-Domain", "2-Domain", "{BD1B4D4F-1420-4079-B4D8-EF0DD8457491}"
EndProject
Project("{2150E333-8FDC-42A3-9474-1A3956D46DE8}") = "3-Infra", "3-Infra", "{C1258250-53EE-420C-84D7-6902333A1B96}"
EndProject
Project("{2150E333-8FDC-42A3-9474-1A3956D46DE8}") = "0-Presentation", "0-Presentation", "{A0157949-6D44-454D-ADC4-45B50E8D1D55}"
EndProject
Project("{2150E333-8FDC-42A3-9474-1A3956D46DE8}") = "0.1-API", "0.1-API", "{B00FE7E8-8C17-4042-8EAA-43BFA582213F}"
EndProject
Project("{2150E333-8FDC-42A3-9474-1A3956D46DE8}") = "3.1-Data", "3.1-Data", "{9E1FDE1C-83BD-4A45-9112-7A6295C8806A}"
EndProject
Project("{2150E333-8FDC-42A3-9474-1A3956D46DE8}") = "3.2-CrossCutting", "3.2-CrossCutting", "{61E927D8-B245-480B-BF68-9AA8C74A532A}"
EndProject
Project("{9A19103F-16F7-4668-BE54-9A1E7A4F7556}") = "FIAP.Fase6.User.API", "src\0-Presentation\0.1-API\FIAP.Fase6.User.API\FIAP.Fase6.User.API.csproj", "{B341C24B-0172-46EF-8168-539A3C3362CA}"
EndProject
Project("{9A19103F-16F7-4668-BE54-9A1E7A4F7556}") = "FIAP.Fase6.Application", "src\1-Application\FIAP.Fase6.Application\FIAP.Fase6.Application.csproj", "{03C18342-2F01-45B2-B91A-7B0B4E8E7862}"
EndProject
Project("{9A19103F-16F7-4668-BE54-9A1E7A4F7556}") = "FIAP.Fase6.Domain", "src\2-Domain\FIAP.Fase6.Domain\FIAP.Fase6.Domain.csproj", "{A2A9D38A-0F50-4CA3-A9BD-EF3279855A61}"
EndProject
Project("{9A19103F-16F7-4668-BE54-9A1E7A4F7556}") = "FIAP.Fase6.Infra.Data", "src\3-Infra\3.1-Data\FIAP.Fase6.Infra.Data\FIAP.Fase6.Infra.Data.csproj", "{85757DF5-B01B-4BA4-A62D-DDE707C42B38}"
EndProject
Project("{9A19103F-16F7-4668-BE54-9A1E7A4F7556}") = "FIAP.Fase6.Infra.CrossCutting.IoC", "src\3-Infra\3.2-CrossCutting\FIAP.Fase6.Infra.CrossCutting.IoC\FIAP.Fase6.Infra.CrossCutting.IoC.csproj", "{129053FF-C741-40C5-9926-FCF249BCA669}"
EndProject
Project("{2150E333-8FDC-42A3-9474-1A3956D46DE8}") = "3.0-Core", "3.0-Core", "{14562418-1ADE-4184-87F8-C5943ADE1496}"
EndProject
Project("{9A19103F-16F7-4668-BE54-9A1E7A4F7556}") = "FIAP.Fase6.Core", "src\3-Infra\3.0-Core\FIAP.Fase6.Core\FIAP.Fase6.Core.csproj", "{4312F624-A70D-4495-AB6B-0C65D01058DF}"
EndProject
Global
	GlobalSection(SolutionConfigurationPlatforms) = preSolution
		Debug|Any CPU = Debug|Any CPU
		Release|Any CPU = Release|Any CPU
	EndGlobalSection
	GlobalSection(ProjectConfigurationPlatforms) = postSolution
		{B341C24B-0172-46EF-8168-539A3C3362CA}.Debug|Any CPU.ActiveCfg = Debug|Any CPU
		{B341C24B-0172-46EF-8168-539A3C3362CA}.Debug|Any CPU.Build.0 = Debug|Any CPU
		{B341C24B-0172-46EF-8168-539A3C3362CA}.Release|Any CPU.ActiveCfg = Release|Any CPU
		{B341C24B-0172-46EF-8168-539A3C3362CA}.Release|Any CPU.Build.0 = Release|Any CPU
		{03C18342-2F01-45B2-B91A-7B0B4E8E7862}.Debug|Any CPU.ActiveCfg = Debug|Any CPU
		{03C18342-2F01-45B2-B91A-7B0B4E8E7862}.Debug|Any CPU.Build.0 = Debug|Any CPU
		{03C18342-2F01-45B2-B91A-7B0B4E8E7862}.Release|Any CPU.ActiveCfg = Release|Any CPU
		{03C18342-2F01-45B2-B91A-7B0B4E8E7862}.Release|Any CPU.Build.0 = Release|Any CPU
		{A2A9D38A-0F50-4CA3-A9BD-EF3279855A61}.Debug|Any CPU.ActiveCfg = Debug|Any CPU
		{A2A9D38A-0F50-4CA3-A9BD-EF3279855A61}.Debug|Any CPU.Build.0 = Debug|Any CPU
		{A2A9D38A-0F50-4CA3-A9BD-EF3279855A61}.Release|Any CPU.ActiveCfg = Release|Any CPU
		{A2A9D38A-0F50-4CA3-A9BD-EF3279855A61}.Release|Any CPU.Build.0 = Release|Any CPU
		{85757DF5-B01B-4BA4-A62D-DDE707C42B38}.Debug|Any CPU.ActiveCfg = Debug|Any CPU
		{85757DF5-B01B-4BA4-A62D-DDE707C42B38}.Debug|Any CPU.Build.0 = Debug|Any CPU
		{85757DF5-B01B-4BA4-A62D-DDE707C42B38}.Release|Any CPU.ActiveCfg = Release|Any CPU
		{85757DF5-B01B-4BA4-A62D-DDE707C42B38}.Release|Any CPU.Build.0 = Release|Any CPU
		{129053FF-C741-40C5-9926-FCF249BCA669}.Debug|Any CPU.ActiveCfg = Debug|Any CPU
		{129053FF-C741-40C5-9926-FCF249BCA669}.Debug|Any CPU.Build.0 = Debug|Any CPU
		{129053FF-C741-40C5-9926-FCF249BCA669}.Release|Any CPU.ActiveCfg = Release|Any CPU
		{129053FF-C741-40C5-9926-FCF249BCA669}.Release|Any CPU.Build.0 = Release|Any CPU
		{4312F624-A70D-4495-AB6B-0C65D01058DF}.Debug|Any CPU.ActiveCfg = Debug|Any CPU
		{4312F624-A70D-4495-AB6B-0C65D01058DF}.Debug|Any CPU.Build.0 = Debug|Any CPU
		{4312F624-A70D-4495-AB6B-0C65D01058DF}.Release|Any CPU.ActiveCfg = Release|Any CPU
		{4312F624-A70D-4495-AB6B-0C65D01058DF}.Release|Any CPU.Build.0 = Release|Any CPU
	EndGlobalSection
	GlobalSection(SolutionProperties) = preSolution
		HideSolutionNode = FALSE
	EndGlobalSection
	GlobalSection(NestedProjects) = preSolution
		{05724B54-CF7B-45E4-A149-30C3AB792A73} = {211FBB1F-0076-40BA-AEBA-A809CFA5A052}
		{BD1B4D4F-1420-4079-B4D8-EF0DD8457491} = {211FBB1F-0076-40BA-AEBA-A809CFA5A052}
		{C1258250-53EE-420C-84D7-6902333A1B96} = {211FBB1F-0076-40BA-AEBA-A809CFA5A052}
		{A0157949-6D44-454D-ADC4-45B50E8D1D55} = {211FBB1F-0076-40BA-AEBA-A809CFA5A052}
		{B00FE7E8-8C17-4042-8EAA-43BFA582213F} = {A0157949-6D44-454D-ADC4-45B50E8D1D55}
		{9E1FDE1C-83BD-4A45-9112-7A6295C8806A} = {C1258250-53EE-420C-84D7-6902333A1B96}
		{61E927D8-B245-480B-BF68-9AA8C74A532A} = {C1258250-53EE-420C-84D7-6902333A1B96}
		{B341C24B-0172-46EF-8168-539A3C3362CA} = {B00FE7E8-8C17-4042-8EAA-43BFA582213F}
		{03C18342-2F01-45B2-B91A-7B0B4E8E7862} = {05724B54-CF7B-45E4-A149-30C3AB792A73}
		{A2A9D38A-0F50-4CA3-A9BD-EF3279855A61} = {BD1B4D4F-1420-4079-B4D8-EF0DD8457491}
		{85757DF5-B01B-4BA4-A62D-DDE707C42B38} = {9E1FDE1C-83BD-4A45-9112-7A6295C8806A}
		{129053FF-C741-40C5-9926-FCF249BCA669} = {61E927D8-B245-480B-BF68-9AA8C74A532A}
		{14562418-1ADE-4184-87F8-C5943ADE1496} = {C1258250-53EE-420C-84D7-6902333A1B96}
		{4312F624-A70D-4495-AB6B-0C65D01058DF} = {14562418-1ADE-4184-87F8-C5943ADE1496}
	EndGlobalSection
	GlobalSection(ExtensibilityGlobals) = postSolution
		SolutionGuid = {A7E6FBFE-7719-4628-ADFD-D9DBA4FAC7BD}
	EndGlobalSection
EndGlobal
